<Solution>
  <Folder Name="/Tests/">
    <Project Path="Bongo.Core.Tests/Bongo.Core.Tests.csproj" Id="1ffcfb57-263b-442f-bd6b-65cfa29be54e" />
    <Project Path="Bongo.DataAccess.Tests/Bongo.DataAccess.Tests.csproj" Id="bf1462ce-aedc-40e1-8dca-b39f48b91b7a" />
    <Project Path="Bongo.Models.Tests/Bongo.Models.Tests.csproj" Id="0a4ebb70-12a9-4c03-baba-7721c799c12d" />
  </Folder>
  <Project Path="Bongo.Core/Bongo.Core.csproj" />
  <Project Path="Bongo.DataAccess/Bongo.DataAccess.csproj" />
  <Project Path="Bongo.Models/Bongo.Models.csproj" />
  <Project Path="Bongo.Web/Bongo.Web.csproj" />
</Solution>
